// !$*UTF8*$!
{
	archiveVersion = 1;
	classes = {
	};
	objectVersion = 54;
	objects = {

/* Begin PBXBuildFile section */
		0C3FC455B2A787D3AC8C24EF /* Pods_NextFlix.framework in Frameworks */ = {isa = PBXBuildFile; fileRef = BD3D4A0EBD32D7907A4649B1 /* Pods_NextFlix.framework */; };
		380755832734D4DB00BA52C5 /* SerieService.swift in Sources */ = {isa = PBXBuildFile; fileRef = 380755822734D4DB00BA52C5 /* SerieService.swift */; };
		380755862734D7D600BA52C5 /* SerieResponse.swift in Sources */ = {isa = PBXBuildFile; fileRef = 380755852734D7D600BA52C5 /* SerieResponse.swift */; };
		384798CE2744663400D931D2 /* CastResponse.swift in Sources */ = {isa = PBXBuildFile; fileRef = 384798CD2744663400D931D2 /* CastResponse.swift */; };
		38A4966C271C6C590005B8C1 /* TituloSelecionadoViewController.swift in Sources */ = {isa = PBXBuildFile; fileRef = 38A4966B271C6C590005B8C1 /* TituloSelecionadoViewController.swift */; };
		38AFA60327332C600059D795 /* ElencoCollectionViewCell.swift in Sources */ = {isa = PBXBuildFile; fileRef = 38AFA60227332C600059D795 /* ElencoCollectionViewCell.swift */; };
		38AFA60627332E8B0059D795 /* Cast.swift in Sources */ = {isa = PBXBuildFile; fileRef = 38AFA60527332E8B0059D795 /* Cast.swift */; };
		AF51ACEF2730A1D400505521 /* Company.swift in Sources */ = {isa = PBXBuildFile; fileRef = AF51ACEE2730A1D400505521 /* Company.swift */; };
		AF5FC412271B26EA00605985 /* movies.json in Resources */ = {isa = PBXBuildFile; fileRef = AF5FC411271B26EA00605985 /* movies.json */; };
		AF5FC414271B27B100605985 /* Movie.swift in Sources */ = {isa = PBXBuildFile; fileRef = AF5FC413271B27B100605985 /* Movie.swift */; };
		AF9C13622745BA2700607287 /* Favorites.xcdatamodeld in Sources */ = {isa = PBXBuildFile; fileRef = AF9C13602745BA2700607287 /* Favorites.xcdatamodeld */; };
		AF9C13642745BEF000607287 /* FavoritesViewController.swift in Sources */ = {isa = PBXBuildFile; fileRef = AF9C13632745BEF000607287 /* FavoritesViewController.swift */; };
		AF9C13722745D8FA00607287 /* FavoriteViewModel.swift in Sources */ = {isa = PBXBuildFile; fileRef = AF9C13712745D8FA00607287 /* FavoriteViewModel.swift */; };
		AF9C13742745DB8A00607287 /* FavoritesTableViewCell.swift in Sources */ = {isa = PBXBuildFile; fileRef = AF9C13732745DB8A00607287 /* FavoritesTableViewCell.swift */; };
		AFCC927927345EE900FFB496 /* MovieService.swift in Sources */ = {isa = PBXBuildFile; fileRef = AFCC927827345EE900FFB496 /* MovieService.swift */; };
		AFCC927B27346B1300FFB496 /* MovieViewModel.swift in Sources */ = {isa = PBXBuildFile; fileRef = AFCC927A27346B1300FFB496 /* MovieViewModel.swift */; };
		AFCC927D2734AE3400FFB496 /* MovieResponse.swift in Sources */ = {isa = PBXBuildFile; fileRef = AFCC927C2734AE3400FFB496 /* MovieResponse.swift */; };
		AFD7CE3B2715C18300BCA025 /* AppDelegate.swift in Sources */ = {isa = PBXBuildFile; fileRef = AFD7CE3A2715C18300BCA025 /* AppDelegate.swift */; };
		AFD7CE3D2715C18300BCA025 /* SceneDelegate.swift in Sources */ = {isa = PBXBuildFile; fileRef = AFD7CE3C2715C18300BCA025 /* SceneDelegate.swift */; };
		AFD7CE3F2715C18300BCA025 /* ViewController.swift in Sources */ = {isa = PBXBuildFile; fileRef = AFD7CE3E2715C18300BCA025 /* ViewController.swift */; };
		AFD7CE422715C18300BCA025 /* Main.storyboard in Resources */ = {isa = PBXBuildFile; fileRef = AFD7CE402715C18300BCA025 /* Main.storyboard */; };
		AFD7CE442715C18500BCA025 /* Assets.xcassets in Resources */ = {isa = PBXBuildFile; fileRef = AFD7CE432715C18500BCA025 /* Assets.xcassets */; };
		AFD7CE472715C18500BCA025 /* LaunchScreen.storyboard in Resources */ = {isa = PBXBuildFile; fileRef = AFD7CE452715C18500BCA025 /* LaunchScreen.storyboard */; };
		AFD7CE552716469100BCA025 /* MoviesViewController.swift in Sources */ = {isa = PBXBuildFile; fileRef = AFD7CE542716469100BCA025 /* MoviesViewController.swift */; };
		AFD7CE57271646A600BCA025 /* SeriesViewController.swift in Sources */ = {isa = PBXBuildFile; fileRef = AFD7CE56271646A600BCA025 /* SeriesViewController.swift */; };
		D004F38127279561005BD194 /* MovieTableViewCell.swift in Sources */ = {isa = PBXBuildFile; fileRef = D004F38027279561005BD194 /* MovieTableViewCell.swift */; };
		D004F3832727961E005BD194 /* MovieCollectionViewCell.swift in Sources */ = {isa = PBXBuildFile; fileRef = D004F3822727961E005BD194 /* MovieCollectionViewCell.swift */; };
		D012272927360910003A91C0 /* Content.swift in Sources */ = {isa = PBXBuildFile; fileRef = D012272827360910003A91C0 /* Content.swift */; };
		D0A13CBE272219A800C4B72F /* LoginViewController.swift in Sources */ = {isa = PBXBuildFile; fileRef = D0A13CBD272219A800C4B72F /* LoginViewController.swift */; };
		D0A13CC0272219D800C4B72F /* RegisterScreenViewController.swift in Sources */ = {isa = PBXBuildFile; fileRef = D0A13CBF272219D800C4B72F /* RegisterScreenViewController.swift */; };
		D0A13CC2272219FE00C4B72F /* RegisterViewModel.swift in Sources */ = {isa = PBXBuildFile; fileRef = D0A13CC1272219FE00C4B72F /* RegisterViewModel.swift */; };
		D0A13CC42722233200C4B72F /* Register.swift in Sources */ = {isa = PBXBuildFile; fileRef = D0A13CC32722233200C4B72F /* Register.swift */; };
		D0A13CC62722D82000C4B72F /* SeriesTableViewCell.swift in Sources */ = {isa = PBXBuildFile; fileRef = D0A13CC52722D82000C4B72F /* SeriesTableViewCell.swift */; };
		D0A13CC82722D90300C4B72F /* Serie.swift in Sources */ = {isa = PBXBuildFile; fileRef = D0A13CC72722D90300C4B72F /* Serie.swift */; };
		D0D437212746FBFC00FF3ACD /* CoreDataService.swift in Sources */ = {isa = PBXBuildFile; fileRef = D0D437202746FBFC00FF3ACD /* CoreDataService.swift */; };
		D0D437232747307F00FF3ACD /* Favorites+CoreDataProperties.swift in Sources */ = {isa = PBXBuildFile; fileRef = D0D437222747307F00FF3ACD /* Favorites+CoreDataProperties.swift */; };
		D0D437252747308100FF3ACD /* Favorites+CoreDataClass.swift in Sources */ = {isa = PBXBuildFile; fileRef = D0D437242747308100FF3ACD /* Favorites+CoreDataClass.swift */; };
		D0E9D86927383BD600F29ABA /* SerieViewModel.swift in Sources */ = {isa = PBXBuildFile; fileRef = D0E9D86827383BD600F29ABA /* SerieViewModel.swift */; };
/* End PBXBuildFile section */

/* Begin PBXFileReference section */
		1266C7DF9FBB551BDD65EE55 /* Pods-NextFlix.debug.xcconfig */ = {isa = PBXFileReference; includeInIndex = 1; lastKnownFileType = text.xcconfig; name = "Pods-NextFlix.debug.xcconfig"; path = "Target Support Files/Pods-NextFlix/Pods-NextFlix.debug.xcconfig"; sourceTree = "<group>"; };
		380755822734D4DB00BA52C5 /* SerieService.swift */ = {isa = PBXFileReference; lastKnownFileType = sourcecode.swift; path = SerieService.swift; sourceTree = "<group>"; };
		380755852734D7D600BA52C5 /* SerieResponse.swift */ = {isa = PBXFileReference; lastKnownFileType = sourcecode.swift; path = SerieResponse.swift; sourceTree = "<group>"; };
		384798CD2744663400D931D2 /* CastResponse.swift */ = {isa = PBXFileReference; lastKnownFileType = sourcecode.swift; path = CastResponse.swift; sourceTree = "<group>"; };
		38A4966B271C6C590005B8C1 /* TituloSelecionadoViewController.swift */ = {isa = PBXFileReference; lastKnownFileType = sourcecode.swift; path = TituloSelecionadoViewController.swift; sourceTree = "<group>"; };
		38AFA60227332C600059D795 /* ElencoCollectionViewCell.swift */ = {isa = PBXFileReference; lastKnownFileType = sourcecode.swift; path = ElencoCollectionViewCell.swift; sourceTree = "<group>"; };
		38AFA60527332E8B0059D795 /* Cast.swift */ = {isa = PBXFileReference; lastKnownFileType = sourcecode.swift; path = Cast.swift; sourceTree = "<group>"; };
		7FC4FF92D5A29DD28197ADF4 /* Pods-NextFlix.release.xcconfig */ = {isa = PBXFileReference; includeInIndex = 1; lastKnownFileType = text.xcconfig; name = "Pods-NextFlix.release.xcconfig"; path = "Target Support Files/Pods-NextFlix/Pods-NextFlix.release.xcconfig"; sourceTree = "<group>"; };
		AF51ACEE2730A1D400505521 /* Company.swift */ = {isa = PBXFileReference; lastKnownFileType = sourcecode.swift; path = Company.swift; sourceTree = "<group>"; };
		AF5FC411271B26EA00605985 /* movies.json */ = {isa = PBXFileReference; lastKnownFileType = text.json; path = movies.json; sourceTree = "<group>"; };
		AF5FC413271B27B100605985 /* Movie.swift */ = {isa = PBXFileReference; lastKnownFileType = sourcecode.swift; path = Movie.swift; sourceTree = "<group>"; };
		AF9C13612745BA2700607287 /* Favorites.xcdatamodel */ = {isa = PBXFileReference; lastKnownFileType = wrapper.xcdatamodel; path = Favorites.xcdatamodel; sourceTree = "<group>"; };
		AF9C13632745BEF000607287 /* FavoritesViewController.swift */ = {isa = PBXFileReference; lastKnownFileType = sourcecode.swift; path = FavoritesViewController.swift; sourceTree = "<group>"; };
		AF9C13712745D8FA00607287 /* FavoriteViewModel.swift */ = {isa = PBXFileReference; lastKnownFileType = sourcecode.swift; path = FavoriteViewModel.swift; sourceTree = "<group>"; };
		AF9C13732745DB8A00607287 /* FavoritesTableViewCell.swift */ = {isa = PBXFileReference; lastKnownFileType = sourcecode.swift; path = FavoritesTableViewCell.swift; sourceTree = "<group>"; };
		AFCC927827345EE900FFB496 /* MovieService.swift */ = {isa = PBXFileReference; lastKnownFileType = sourcecode.swift; path = MovieService.swift; sourceTree = "<group>"; };
		AFCC927A27346B1300FFB496 /* MovieViewModel.swift */ = {isa = PBXFileReference; lastKnownFileType = sourcecode.swift; path = MovieViewModel.swift; sourceTree = "<group>"; };
		AFCC927C2734AE3400FFB496 /* MovieResponse.swift */ = {isa = PBXFileReference; lastKnownFileType = sourcecode.swift; path = MovieResponse.swift; sourceTree = "<group>"; };
		AFD7CE372715C18300BCA025 /* NextFlix.app */ = {isa = PBXFileReference; explicitFileType = wrapper.application; includeInIndex = 0; path = NextFlix.app; sourceTree = BUILT_PRODUCTS_DIR; };
		AFD7CE3A2715C18300BCA025 /* AppDelegate.swift */ = {isa = PBXFileReference; lastKnownFileType = sourcecode.swift; path = AppDelegate.swift; sourceTree = "<group>"; };
		AFD7CE3C2715C18300BCA025 /* SceneDelegate.swift */ = {isa = PBXFileReference; lastKnownFileType = sourcecode.swift; path = SceneDelegate.swift; sourceTree = "<group>"; };
		AFD7CE3E2715C18300BCA025 /* ViewController.swift */ = {isa = PBXFileReference; lastKnownFileType = sourcecode.swift; path = ViewController.swift; sourceTree = "<group>"; };
		AFD7CE412715C18300BCA025 /* Base */ = {isa = PBXFileReference; lastKnownFileType = file.storyboard; name = Base; path = Base.lproj/Main.storyboard; sourceTree = "<group>"; };
		AFD7CE432715C18500BCA025 /* Assets.xcassets */ = {isa = PBXFileReference; lastKnownFileType = folder.assetcatalog; path = Assets.xcassets; sourceTree = "<group>"; };
		AFD7CE462715C18500BCA025 /* Base */ = {isa = PBXFileReference; lastKnownFileType = file.storyboard; name = Base; path = Base.lproj/LaunchScreen.storyboard; sourceTree = "<group>"; };
		AFD7CE482715C18500BCA025 /* Info.plist */ = {isa = PBXFileReference; lastKnownFileType = text.plist.xml; path = Info.plist; sourceTree = "<group>"; };
		AFD7CE542716469100BCA025 /* MoviesViewController.swift */ = {isa = PBXFileReference; lastKnownFileType = sourcecode.swift; path = MoviesViewController.swift; sourceTree = "<group>"; };
		AFD7CE56271646A600BCA025 /* SeriesViewController.swift */ = {isa = PBXFileReference; lastKnownFileType = sourcecode.swift; path = SeriesViewController.swift; sourceTree = "<group>"; };
		BD3D4A0EBD32D7907A4649B1 /* Pods_NextFlix.framework */ = {isa = PBXFileReference; explicitFileType = wrapper.framework; includeInIndex = 0; path = Pods_NextFlix.framework; sourceTree = BUILT_PRODUCTS_DIR; };
		D004F38027279561005BD194 /* MovieTableViewCell.swift */ = {isa = PBXFileReference; lastKnownFileType = sourcecode.swift; path = MovieTableViewCell.swift; sourceTree = "<group>"; };
		D004F3822727961E005BD194 /* MovieCollectionViewCell.swift */ = {isa = PBXFileReference; lastKnownFileType = sourcecode.swift; path = MovieCollectionViewCell.swift; sourceTree = "<group>"; };
		D012272827360910003A91C0 /* Content.swift */ = {isa = PBXFileReference; lastKnownFileType = sourcecode.swift; path = Content.swift; sourceTree = "<group>"; };
		D0A13CBD272219A800C4B72F /* LoginViewController.swift */ = {isa = PBXFileReference; lastKnownFileType = sourcecode.swift; path = LoginViewController.swift; sourceTree = "<group>"; };
		D0A13CBF272219D800C4B72F /* RegisterScreenViewController.swift */ = {isa = PBXFileReference; lastKnownFileType = sourcecode.swift; path = RegisterScreenViewController.swift; sourceTree = "<group>"; };
		D0A13CC1272219FE00C4B72F /* RegisterViewModel.swift */ = {isa = PBXFileReference; lastKnownFileType = sourcecode.swift; path = RegisterViewModel.swift; sourceTree = "<group>"; };
		D0A13CC32722233200C4B72F /* Register.swift */ = {isa = PBXFileReference; lastKnownFileType = sourcecode.swift; path = Register.swift; sourceTree = "<group>"; };
		D0A13CC52722D82000C4B72F /* SeriesTableViewCell.swift */ = {isa = PBXFileReference; lastKnownFileType = sourcecode.swift; path = SeriesTableViewCell.swift; sourceTree = "<group>"; };
		D0A13CC72722D90300C4B72F /* Serie.swift */ = {isa = PBXFileReference; lastKnownFileType = sourcecode.swift; path = Serie.swift; sourceTree = "<group>"; };
		D0D437202746FBFC00FF3ACD /* CoreDataService.swift */ = {isa = PBXFileReference; lastKnownFileType = sourcecode.swift; path = CoreDataService.swift; sourceTree = "<group>"; };
		D0D437222747307F00FF3ACD /* Favorites+CoreDataProperties.swift */ = {isa = PBXFileReference; lastKnownFileType = sourcecode.swift; name = "Favorites+CoreDataProperties.swift"; path = "../../../../../guifeitosa/Documents/Guilherme Feitosa/Cursos/DH - Desenvolvimento Mobile IOS/Projeto Integrador/nextflix/NextFlix/Model/Favorites+CoreDataProperties.swift"; sourceTree = "<group>"; };
		D0D437242747308100FF3ACD /* Favorites+CoreDataClass.swift */ = {isa = PBXFileReference; lastKnownFileType = sourcecode.swift; name = "Favorites+CoreDataClass.swift"; path = "../../Favorites+CoreDataClass.swift"; sourceTree = "<group>"; };
		D0E9D86827383BD600F29ABA /* SerieViewModel.swift */ = {isa = PBXFileReference; lastKnownFileType = sourcecode.swift; path = SerieViewModel.swift; sourceTree = "<group>"; };
/* End PBXFileReference section */

/* Begin PBXFrameworksBuildPhase section */
		AFD7CE342715C18300BCA025 /* Frameworks */ = {
			isa = PBXFrameworksBuildPhase;
			buildActionMask = 2147483647;
			files = (
				0C3FC455B2A787D3AC8C24EF /* Pods_NextFlix.framework in Frameworks */,
			);
			runOnlyForDeploymentPostprocessing = 0;
		};
/* End PBXFrameworksBuildPhase section */

/* Begin PBXGroup section */
		3863125B271F8CB5003D72FB /* ViewModel */ = {
			isa = PBXGroup;
			children = (
				D0A13CC1272219FE00C4B72F /* RegisterViewModel.swift */,
				AFCC927A27346B1300FFB496 /* MovieViewModel.swift */,
				D0E9D86827383BD600F29ABA /* SerieViewModel.swift */,
				AF9C13712745D8FA00607287 /* FavoriteViewModel.swift */,
			);
			path = ViewModel;
			sourceTree = "<group>";
		};
		3863125C271F8CD2003D72FB /* Service */ = {
			isa = PBXGroup;
			children = (
				AFCC927827345EE900FFB496 /* MovieService.swift */,
				380755822734D4DB00BA52C5 /* SerieService.swift */,
				D0D437202746FBFC00FF3ACD /* CoreDataService.swift */,
			);
			path = Service;
			sourceTree = "<group>";
		};
		66D4D2017D8C37798F51195A /* Pods */ = {
			isa = PBXGroup;
			children = (
				1266C7DF9FBB551BDD65EE55 /* Pods-NextFlix.debug.xcconfig */,
				7FC4FF92D5A29DD28197ADF4 /* Pods-NextFlix.release.xcconfig */,
			);
			path = Pods;
			sourceTree = "<group>";
		};
		9949C64ABC11A0DEA02F3BC4 /* Frameworks */ = {
			isa = PBXGroup;
			children = (
				BD3D4A0EBD32D7907A4649B1 /* Pods_NextFlix.framework */,
			);
			name = Frameworks;
			sourceTree = "<group>";
		};
		AF5FC40D271B261C00605985 /* Model */ = {
			isa = PBXGroup;
			children = (
				D0D437222747307F00FF3ACD /* Favorites+CoreDataProperties.swift */,
				D0D437242747308100FF3ACD /* Favorites+CoreDataClass.swift */,
				AF5FC413271B27B100605985 /* Movie.swift */,
				D0A13CC32722233200C4B72F /* Register.swift */,
				D0A13CC72722D90300C4B72F /* Serie.swift */,
				AF51ACEE2730A1D400505521 /* Company.swift */,
				38AFA60527332E8B0059D795 /* Cast.swift */,
				AFCC927C2734AE3400FFB496 /* MovieResponse.swift */,
				380755852734D7D600BA52C5 /* SerieResponse.swift */,
				384798CD2744663400D931D2 /* CastResponse.swift */,
			);
			path = Model;
			sourceTree = "<group>";
		};
		AF5FC40E271B262C00605985 /* View */ = {
			isa = PBXGroup;
			children = (
				AFB77EE4272B459D008601AA /* Components */,
				AFD7CE402715C18300BCA025 /* Main.storyboard */,
				AFD7CE452715C18500BCA025 /* LaunchScreen.storyboard */,
			);
			path = View;
			sourceTree = "<group>";
		};
		AFB77EE4272B459D008601AA /* Components */ = {
			isa = PBXGroup;
			children = (
				D004F38027279561005BD194 /* MovieTableViewCell.swift */,
				D0A13CC52722D82000C4B72F /* SeriesTableViewCell.swift */,
				D004F3822727961E005BD194 /* MovieCollectionViewCell.swift */,
				38AFA60227332C600059D795 /* ElencoCollectionViewCell.swift */,
				AF9C13732745DB8A00607287 /* FavoritesTableViewCell.swift */,
			);
			path = Components;
			sourceTree = "<group>";
		};
		AFD7CE2E2715C18300BCA025 = {
			isa = PBXGroup;
			children = (
				AFD7CE392715C18300BCA025 /* NextFlix */,
				AFD7CE382715C18300BCA025 /* Products */,
				66D4D2017D8C37798F51195A /* Pods */,
				9949C64ABC11A0DEA02F3BC4 /* Frameworks */,
			);
			sourceTree = "<group>";
		};
		AFD7CE382715C18300BCA025 /* Products */ = {
			isa = PBXGroup;
			children = (
				AFD7CE372715C18300BCA025 /* NextFlix.app */,
			);
			name = Products;
			sourceTree = "<group>";
		};
		AFD7CE392715C18300BCA025 /* NextFlix */ = {
			isa = PBXGroup;
			children = (
				D0D437122746F1F200FF3ACD /* CoreData */,
				D0122727273608F5003A91C0 /* Protocols */,
				AF5FC40D271B261C00605985 /* Model */,
				D004F37F2727952C005BD194 /* Controller */,
				3863125C271F8CD2003D72FB /* Service */,
				3863125B271F8CB5003D72FB /* ViewModel */,
				AF5FC40E271B262C00605985 /* View */,
				AFD7CE3A2715C18300BCA025 /* AppDelegate.swift */,
				AFD7CE3C2715C18300BCA025 /* SceneDelegate.swift */,
				AFD7CE432715C18500BCA025 /* Assets.xcassets */,
				AFD7CE482715C18500BCA025 /* Info.plist */,
				AF5FC411271B26EA00605985 /* movies.json */,
			);
			path = NextFlix;
			sourceTree = "<group>";
		};
		D004F37F2727952C005BD194 /* Controller */ = {
			isa = PBXGroup;
			children = (
				38A4966B271C6C590005B8C1 /* TituloSelecionadoViewController.swift */,
				AFD7CE542716469100BCA025 /* MoviesViewController.swift */,
				AFD7CE56271646A600BCA025 /* SeriesViewController.swift */,
				AFD7CE3E2715C18300BCA025 /* ViewController.swift */,
				D0A13CBD272219A800C4B72F /* LoginViewController.swift */,
				D0A13CBF272219D800C4B72F /* RegisterScreenViewController.swift */,
				AF9C13632745BEF000607287 /* FavoritesViewController.swift */,
			);
			path = Controller;
			sourceTree = "<group>";
		};
		D0122727273608F5003A91C0 /* Protocols */ = {
			isa = PBXGroup;
			children = (
				D012272827360910003A91C0 /* Content.swift */,
			);
			path = Protocols;
			sourceTree = "<group>";
		};
		D0D437122746F1F200FF3ACD /* CoreData */ = {
			isa = PBXGroup;
			children = (
				AF9C13602745BA2700607287 /* Favorites.xcdatamodeld */,
			);
			path = CoreData;
			sourceTree = "<group>";
		};
/* End PBXGroup section */

/* Begin PBXNativeTarget section */
		AFD7CE362715C18300BCA025 /* NextFlix */ = {
			isa = PBXNativeTarget;
			buildConfigurationList = AFD7CE4B2715C18500BCA025 /* Build configuration list for PBXNativeTarget "NextFlix" */;
			buildPhases = (
				DEED34D48905816C95FAE410 /* [CP] Check Pods Manifest.lock */,
				AFD7CE332715C18300BCA025 /* Sources */,
				AFD7CE342715C18300BCA025 /* Frameworks */,
				AFD7CE352715C18300BCA025 /* Resources */,
				05994C9104C27FC52AE0F572 /* [CP] Embed Pods Frameworks */,
			);
			buildRules = (
			);
			dependencies = (
			);
			name = NextFlix;
			productName = NextFlix;
			productReference = AFD7CE372715C18300BCA025 /* NextFlix.app */;
			productType = "com.apple.product-type.application";
		};
/* End PBXNativeTarget section */

/* Begin PBXProject section */
		AFD7CE2F2715C18300BCA025 /* Project object */ = {
			isa = PBXProject;
			attributes = {
				BuildIndependentTargetsInParallel = 1;
				LastSwiftUpdateCheck = 1300;
				LastUpgradeCheck = 1300;
				TargetAttributes = {
					AFD7CE362715C18300BCA025 = {
						CreatedOnToolsVersion = 13.0;
					};
				};
			};
			buildConfigurationList = AFD7CE322715C18300BCA025 /* Build configuration list for PBXProject "NextFlix" */;
			compatibilityVersion = "Xcode 12.0";
			developmentRegion = en;
			hasScannedForEncodings = 0;
			knownRegions = (
				en,
				Base,
			);
			mainGroup = AFD7CE2E2715C18300BCA025;
			productRefGroup = AFD7CE382715C18300BCA025 /* Products */;
			projectDirPath = "";
			projectRoot = "";
			targets = (
				AFD7CE362715C18300BCA025 /* NextFlix */,
			);
		};
/* End PBXProject section */

/* Begin PBXResourcesBuildPhase section */
		AFD7CE352715C18300BCA025 /* Resources */ = {
			isa = PBXResourcesBuildPhase;
			buildActionMask = 2147483647;
			files = (
				AFD7CE472715C18500BCA025 /* LaunchScreen.storyboard in Resources */,
				AFD7CE442715C18500BCA025 /* Assets.xcassets in Resources */,
				AF5FC412271B26EA00605985 /* movies.json in Resources */,
				AFD7CE422715C18300BCA025 /* Main.storyboard in Resources */,
			);
			runOnlyForDeploymentPostprocessing = 0;
		};
/* End PBXResourcesBuildPhase section */

/* Begin PBXShellScriptBuildPhase section */
		05994C9104C27FC52AE0F572 /* [CP] Embed Pods Frameworks */ = {
			isa = PBXShellScriptBuildPhase;
			buildActionMask = 2147483647;
			files = (
			);
			inputFileListPaths = (
				"${PODS_ROOT}/Target Support Files/Pods-NextFlix/Pods-NextFlix-frameworks-${CONFIGURATION}-input-files.xcfilelist",
			);
			name = "[CP] Embed Pods Frameworks";
			outputFileListPaths = (
				"${PODS_ROOT}/Target Support Files/Pods-NextFlix/Pods-NextFlix-frameworks-${CONFIGURATION}-output-files.xcfilelist",
			);
			runOnlyForDeploymentPostprocessing = 0;
			shellPath = /bin/sh;
			shellScript = "\"${PODS_ROOT}/Target Support Files/Pods-NextFlix/Pods-NextFlix-frameworks.sh\"\n";
			showEnvVarsInLog = 0;
		};
		DEED34D48905816C95FAE410 /* [CP] Check Pods Manifest.lock */ = {
			isa = PBXShellScriptBuildPhase;
			buildActionMask = 2147483647;
			files = (
			);
			inputFileListPaths = (
			);
			inputPaths = (
				"${PODS_PODFILE_DIR_PATH}/Podfile.lock",
				"${PODS_ROOT}/Manifest.lock",
			);
			name = "[CP] Check Pods Manifest.lock";
			outputFileListPaths = (
			);
			outputPaths = (
				"$(DERIVED_FILE_DIR)/Pods-NextFlix-checkManifestLockResult.txt",
			);
			runOnlyForDeploymentPostprocessing = 0;
			shellPath = /bin/sh;
			shellScript = "diff \"${PODS_PODFILE_DIR_PATH}/Podfile.lock\" \"${PODS_ROOT}/Manifest.lock\" > /dev/null\nif [ $? != 0 ] ; then\n    # print error to STDERR\n    echo \"error: The sandbox is not in sync with the Podfile.lock. Run 'pod install' or update your CocoaPods installation.\" >&2\n    exit 1\nfi\n# This output is used by Xcode 'outputs' to avoid re-running this script phase.\necho \"SUCCESS\" > \"${SCRIPT_OUTPUT_FILE_0}\"\n";
			showEnvVarsInLog = 0;
		};
/* End PBXShellScriptBuildPhase section */

/* Begin PBXSourcesBuildPhase section */
		AFD7CE332715C18300BCA025 /* Sources */ = {
			isa = PBXSourcesBuildPhase;
			buildActionMask = 2147483647;
			files = (
				AFCC927D2734AE3400FFB496 /* MovieResponse.swift in Sources */,
				384798CE2744663400D931D2 /* CastResponse.swift in Sources */,
				AF9C13642745BEF000607287 /* FavoritesViewController.swift in Sources */,
				AFD7CE3F2715C18300BCA025 /* ViewController.swift in Sources */,
				D0A13CC42722233200C4B72F /* Register.swift in Sources */,
				D004F38127279561005BD194 /* MovieTableViewCell.swift in Sources */,
				D0A13CC2272219FE00C4B72F /* RegisterViewModel.swift in Sources */,
				AFD7CE3B2715C18300BCA025 /* AppDelegate.swift in Sources */,
				D0D437252747308100FF3ACD /* Favorites+CoreDataClass.swift in Sources */,
				D0A13CC82722D90300C4B72F /* Serie.swift in Sources */,
				AFCC927927345EE900FFB496 /* MovieService.swift in Sources */,
				AF5FC414271B27B100605985 /* Movie.swift in Sources */,
				38AFA60327332C600059D795 /* ElencoCollectionViewCell.swift in Sources */,
				AF9C13742745DB8A00607287 /* FavoritesTableViewCell.swift in Sources */,
				380755832734D4DB00BA52C5 /* SerieService.swift in Sources */,
				D012272927360910003A91C0 /* Content.swift in Sources */,
				D0A13CC0272219D800C4B72F /* RegisterScreenViewController.swift in Sources */,
				AF9C13722745D8FA00607287 /* FavoriteViewModel.swift in Sources */,
				D0D437212746FBFC00FF3ACD /* CoreDataService.swift in Sources */,
				AFD7CE3D2715C18300BCA025 /* SceneDelegate.swift in Sources */,
				AFCC927B27346B1300FFB496 /* MovieViewModel.swift in Sources */,
				D0A13CBE272219A800C4B72F /* LoginViewController.swift in Sources */,
				AFD7CE57271646A600BCA025 /* SeriesViewController.swift in Sources */,
				AF9C13622745BA2700607287 /* Favorites.xcdatamodeld in Sources */,
				D0D437232747307F00FF3ACD /* Favorites+CoreDataProperties.swift in Sources */,
				AF51ACEF2730A1D400505521 /* Company.swift in Sources */,
				38A4966C271C6C590005B8C1 /* TituloSelecionadoViewController.swift in Sources */,
				D004F3832727961E005BD194 /* MovieCollectionViewCell.swift in Sources */,
				D0A13CC62722D82000C4B72F /* SeriesTableViewCell.swift in Sources */,
				38AFA60627332E8B0059D795 /* Cast.swift in Sources */,
				D0E9D86927383BD600F29ABA /* SerieViewModel.swift in Sources */,
				AFD7CE552716469100BCA025 /* MoviesViewController.swift in Sources */,
				380755862734D7D600BA52C5 /* SerieResponse.swift in Sources */,
			);
			runOnlyForDeploymentPostprocessing = 0;
		};
/* End PBXSourcesBuildPhase section */

/* Begin PBXVariantGroup section */
		AFD7CE402715C18300BCA025 /* Main.storyboard */ = {
			isa = PBXVariantGroup;
			children = (
				AFD7CE412715C18300BCA025 /* Base */,
			);
			name = Main.storyboard;
			sourceTree = "<group>";
		};
		AFD7CE452715C18500BCA025 /* LaunchScreen.storyboard */ = {
			isa = PBXVariantGroup;
			children = (
				AFD7CE462715C18500BCA025 /* Base */,
			);
			name = LaunchScreen.storyboard;
			sourceTree = "<group>";
		};
/* End PBXVariantGroup section */

/* Begin XCBuildConfiguration section */
		AFD7CE492715C18500BCA025 /* Debug */ = {
			isa = XCBuildConfiguration;
			buildSettings = {
				ALWAYS_SEARCH_USER_PATHS = NO;
				CLANG_ANALYZER_NONNULL = YES;
				CLANG_ANALYZER_NUMBER_OBJECT_CONVERSION = YES_AGGRESSIVE;
				CLANG_CXX_LANGUAGE_STANDARD = "gnu++17";
				CLANG_CXX_LIBRARY = "libc++";
				CLANG_ENABLE_MODULES = YES;
				CLANG_ENABLE_OBJC_ARC = YES;
				CLANG_ENABLE_OBJC_WEAK = YES;
				CLANG_WARN_BLOCK_CAPTURE_AUTORELEASING = YES;
				CLANG_WARN_BOOL_CONVERSION = YES;
				CLANG_WARN_COMMA = YES;
				CLANG_WARN_CONSTANT_CONVERSION = YES;
				CLANG_WARN_DEPRECATED_OBJC_IMPLEMENTATIONS = YES;
				CLANG_WARN_DIRECT_OBJC_ISA_USAGE = YES_ERROR;
				CLANG_WARN_DOCUMENTATION_COMMENTS = YES;
				CLANG_WARN_EMPTY_BODY = YES;
				CLANG_WARN_ENUM_CONVERSION = YES;
				CLANG_WARN_INFINITE_RECURSION = YES;
				CLANG_WARN_INT_CONVERSION = YES;
				CLANG_WARN_NON_LITERAL_NULL_CONVERSION = YES;
				CLANG_WARN_OBJC_IMPLICIT_RETAIN_SELF = YES;
				CLANG_WARN_OBJC_LITERAL_CONVERSION = YES;
				CLANG_WARN_OBJC_ROOT_CLASS = YES_ERROR;
				CLANG_WARN_QUOTED_INCLUDE_IN_FRAMEWORK_HEADER = YES;
				CLANG_WARN_RANGE_LOOP_ANALYSIS = YES;
				CLANG_WARN_STRICT_PROTOTYPES = YES;
				CLANG_WARN_SUSPICIOUS_MOVE = YES;
				CLANG_WARN_UNGUARDED_AVAILABILITY = YES_AGGRESSIVE;
				CLANG_WARN_UNREACHABLE_CODE = YES;
				CLANG_WARN__DUPLICATE_METHOD_MATCH = YES;
				COPY_PHASE_STRIP = NO;
				DEBUG_INFORMATION_FORMAT = dwarf;
				ENABLE_STRICT_OBJC_MSGSEND = YES;
				ENABLE_TESTABILITY = YES;
				GCC_C_LANGUAGE_STANDARD = gnu11;
				GCC_DYNAMIC_NO_PIC = NO;
				GCC_NO_COMMON_BLOCKS = YES;
				GCC_OPTIMIZATION_LEVEL = 0;
				GCC_PREPROCESSOR_DEFINITIONS = (
					"DEBUG=1",
					"$(inherited)",
				);
				GCC_WARN_64_TO_32_BIT_CONVERSION = YES;
				GCC_WARN_ABOUT_RETURN_TYPE = YES_ERROR;
				GCC_WARN_UNDECLARED_SELECTOR = YES;
				GCC_WARN_UNINITIALIZED_AUTOS = YES_AGGRESSIVE;
				GCC_WARN_UNUSED_FUNCTION = YES;
				GCC_WARN_UNUSED_VARIABLE = YES;
				IPHONEOS_DEPLOYMENT_TARGET = 15.0;
				MTL_ENABLE_DEBUG_INFO = INCLUDE_SOURCE;
				MTL_FAST_MATH = YES;
				ONLY_ACTIVE_ARCH = YES;
				SDKROOT = iphoneos;
				SWIFT_ACTIVE_COMPILATION_CONDITIONS = DEBUG;
				SWIFT_OPTIMIZATION_LEVEL = "-Onone";
			};
			name = Debug;
		};
		AFD7CE4A2715C18500BCA025 /* Release */ = {
			isa = XCBuildConfiguration;
			buildSettings = {
				ALWAYS_SEARCH_USER_PATHS = NO;
				CLANG_ANALYZER_NONNULL = YES;
				CLANG_ANALYZER_NUMBER_OBJECT_CONVERSION = YES_AGGRESSIVE;
				CLANG_CXX_LANGUAGE_STANDARD = "gnu++17";
				CLANG_CXX_LIBRARY = "libc++";
				CLANG_ENABLE_MODULES = YES;
				CLANG_ENABLE_OBJC_ARC = YES;
				CLANG_ENABLE_OBJC_WEAK = YES;
				CLANG_WARN_BLOCK_CAPTURE_AUTORELEASING = YES;
				CLANG_WARN_BOOL_CONVERSION = YES;
				CLANG_WARN_COMMA = YES;
				CLANG_WARN_CONSTANT_CONVERSION = YES;
				CLANG_WARN_DEPRECATED_OBJC_IMPLEMENTATIONS = YES;
				CLANG_WARN_DIRECT_OBJC_ISA_USAGE = YES_ERROR;
				CLANG_WARN_DOCUMENTATION_COMMENTS = YES;
				CLANG_WARN_EMPTY_BODY = YES;
				CLANG_WARN_ENUM_CONVERSION = YES;
				CLANG_WARN_INFINITE_RECURSION = YES;
				CLANG_WARN_INT_CONVERSION = YES;
				CLANG_WARN_NON_LITERAL_NULL_CONVERSION = YES;
				CLANG_WARN_OBJC_IMPLICIT_RETAIN_SELF = YES;
				CLANG_WARN_OBJC_LITERAL_CONVERSION = YES;
				CLANG_WARN_OBJC_ROOT_CLASS = YES_ERROR;
				CLANG_WARN_QUOTED_INCLUDE_IN_FRAMEWORK_HEADER = YES;
				CLANG_WARN_RANGE_LOOP_ANALYSIS = YES;
				CLANG_WARN_STRICT_PROTOTYPES = YES;
				CLANG_WARN_SUSPICIOUS_MOVE = YES;
				CLANG_WARN_UNGUARDED_AVAILABILITY = YES_AGGRESSIVE;
				CLANG_WARN_UNREACHABLE_CODE = YES;
				CLANG_WARN__DUPLICATE_METHOD_MATCH = YES;
				COPY_PHASE_STRIP = NO;
				DEBUG_INFORMATION_FORMAT = "dwarf-with-dsym";
				ENABLE_NS_ASSERTIONS = NO;
				ENABLE_STRICT_OBJC_MSGSEND = YES;
				GCC_C_LANGUAGE_STANDARD = gnu11;
				GCC_NO_COMMON_BLOCKS = YES;
				GCC_WARN_64_TO_32_BIT_CONVERSION = YES;
				GCC_WARN_ABOUT_RETURN_TYPE = YES_ERROR;
				GCC_WARN_UNDECLARED_SELECTOR = YES;
				GCC_WARN_UNINITIALIZED_AUTOS = YES_AGGRESSIVE;
				GCC_WARN_UNUSED_FUNCTION = YES;
				GCC_WARN_UNUSED_VARIABLE = YES;
				IPHONEOS_DEPLOYMENT_TARGET = 15.0;
				MTL_ENABLE_DEBUG_INFO = NO;
				MTL_FAST_MATH = YES;
				SDKROOT = iphoneos;
				SWIFT_COMPILATION_MODE = wholemodule;
				SWIFT_OPTIMIZATION_LEVEL = "-O";
				VALIDATE_PRODUCT = YES;
			};
			name = Release;
		};
		AFD7CE4C2715C18500BCA025 /* Debug */ = {
			isa = XCBuildConfiguration;
			baseConfigurationReference = 1266C7DF9FBB551BDD65EE55 /* Pods-NextFlix.debug.xcconfig */;
			buildSettings = {
				ASSETCATALOG_COMPILER_APPICON_NAME = AppIcon;
				ASSETCATALOG_COMPILER_GLOBAL_ACCENT_COLOR_NAME = AccentColor;
				CODE_SIGN_STYLE = Automatic;
				CURRENT_PROJECT_VERSION = 1;
				DEVELOPMENT_TEAM = NW3H7K8PN7;
				GENERATE_INFOPLIST_FILE = YES;
				INFOPLIST_FILE = NextFlix/Info.plist;
				INFOPLIST_KEY_UIApplicationSupportsIndirectInputEvents = YES;
				INFOPLIST_KEY_UILaunchStoryboardName = LaunchScreen;
				INFOPLIST_KEY_UIMainStoryboardFile = Main;
				INFOPLIST_KEY_UISupportedInterfaceOrientations_iPad = "UIInterfaceOrientationPortrait UIInterfaceOrientationPortraitUpsideDown UIInterfaceOrientationLandscapeLeft UIInterfaceOrientationLandscapeRight";
				INFOPLIST_KEY_UISupportedInterfaceOrientations_iPhone = "UIInterfaceOrientationPortrait UIInterfaceOrientationLandscapeLeft UIInterfaceOrientationLandscapeRight";
				IPHONEOS_DEPLOYMENT_TARGET = 14.4;
				LD_RUNPATH_SEARCH_PATHS = (
					"$(inherited)",
					"@executable_path/Frameworks",
				);
				MARKETING_VERSION = 1.0;
				PRODUCT_BUNDLE_IDENTIFIER = "com.thiago-leite.NextFlix";
				PRODUCT_NAME = "$(TARGET_NAME)";
				SWIFT_EMIT_LOC_STRINGS = YES;
				SWIFT_VERSION = 5.0;
				TARGETED_DEVICE_FAMILY = "1,2";
			};
			name = Debug;
		};
		AFD7CE4D2715C18500BCA025 /* Release */ = {
			isa = XCBuildConfiguration;
			baseConfigurationReference = 7FC4FF92D5A29DD28197ADF4 /* Pods-NextFlix.release.xcconfig */;
			buildSettings = {
				ASSETCATALOG_COMPILER_APPICON_NAME = AppIcon;
				ASSETCATALOG_COMPILER_GLOBAL_ACCENT_COLOR_NAME = AccentColor;
				CODE_SIGN_STYLE = Automatic;
				CURRENT_PROJECT_VERSION = 1;
				DEVELOPMENT_TEAM = NW3H7K8PN7;
				GENERATE_INFOPLIST_FILE = YES;
				INFOPLIST_FILE = NextFlix/Info.plist;
				INFOPLIST_KEY_UIApplicationSupportsIndirectInputEvents = YES;
				INFOPLIST_KEY_UILaunchStoryboardName = LaunchScreen;
				INFOPLIST_KEY_UIMainStoryboardFile = Main;
				INFOPLIST_KEY_UISupportedInterfaceOrientations_iPad = "UIInterfaceOrientationPortrait UIInterfaceOrientationPortraitUpsideDown UIInterfaceOrientationLandscapeLeft UIInterfaceOrientationLandscapeRight";
				INFOPLIST_KEY_UISupportedInterfaceOrientations_iPhone = "UIInterfaceOrientationPortrait UIInterfaceOrientationLandscapeLeft UIInterfaceOrientationLandscapeRight";
				IPHONEOS_DEPLOYMENT_TARGET = 14.4;
				LD_RUNPATH_SEARCH_PATHS = (
					"$(inherited)",
					"@executable_path/Frameworks",
				);
				MARKETING_VERSION = 1.0;
				PRODUCT_BUNDLE_IDENTIFIER = "com.thiago-leite.NextFlix";
				PRODUCT_NAME = "$(TARGET_NAME)";
				SWIFT_EMIT_LOC_STRINGS = YES;
				SWIFT_VERSION = 5.0;
				TARGETED_DEVICE_FAMILY = "1,2";
			};
			name = Release;
		};
/* End XCBuildConfiguration section */

/* Begin XCConfigurationList section */
		AFD7CE322715C18300BCA025 /* Build configuration list for PBXProject "NextFlix" */ = {
			isa = XCConfigurationList;
			buildConfigurations = (
				AFD7CE492715C18500BCA025 /* Debug */,
				AFD7CE4A2715C18500BCA025 /* Release */,
			);
			defaultConfigurationIsVisible = 0;
			defaultConfigurationName = Release;
		};
		AFD7CE4B2715C18500BCA025 /* Build configuration list for PBXNativeTarget "NextFlix" */ = {
			isa = XCConfigurationList;
			buildConfigurations = (
				AFD7CE4C2715C18500BCA025 /* Debug */,
				AFD7CE4D2715C18500BCA025 /* Release */,
			);
			defaultConfigurationIsVisible = 0;
			defaultConfigurationName = Release;
		};
/* End XCConfigurationList section */

/* Begin XCVersionGroup section */
		AF9C13602745BA2700607287 /* Favorites.xcdatamodeld */ = {
			isa = XCVersionGroup;
			children = (
				AF9C13612745BA2700607287 /* Favorites.xcdatamodel */,
			);
			currentVersion = AF9C13612745BA2700607287 /* Favorites.xcdatamodel */;
			path = Favorites.xcdatamodeld;
			sourceTree = "<group>";
			versionGroupType = wrapper.xcdatamodel;
		};
/* End XCVersionGroup section */
	};
	rootObject = AFD7CE2F2715C18300BCA025 /* Project object */;
}
