// !$*UTF8*$!
{
	archiveVersion = 1;
	classes = {
	};
	objectVersion = 54;
	objects = {

/* Begin PBXBuildFile section */
		38A4966C271C6C590005B8C1 /* TituloSelecionadoViewController.swift in Sources */ = {isa = PBXBuildFile; fileRef = 38A4966B271C6C590005B8C1 /* TituloSelecionadoViewController.swift */; };
		AF5FC412271B26EA00605985 /* movies.json in Resources */ = {isa = PBXBuildFile; fileRef = AF5FC411271B26EA00605985 /* movies.json */; };
		AF5FC414271B27B100605985 /* Movie.swift in Sources */ = {isa = PBXBuildFile; fileRef = AF5FC413271B27B100605985 /* Movie.swift */; };
		AFD7CE3B2715C18300BCA025 /* AppDelegate.swift in Sources */ = {isa = PBXBuildFile; fileRef = AFD7CE3A2715C18300BCA025 /* AppDelegate.swift */; };
		AFD7CE3D2715C18300BCA025 /* SceneDelegate.swift in Sources */ = {isa = PBXBuildFile; fileRef = AFD7CE3C2715C18300BCA025 /* SceneDelegate.swift */; };
		AFD7CE3F2715C18300BCA025 /* ViewController.swift in Sources */ = {isa = PBXBuildFile; fileRef = AFD7CE3E2715C18300BCA025 /* ViewController.swift */; };
		AFD7CE422715C18300BCA025 /* Main.storyboard in Resources */ = {isa = PBXBuildFile; fileRef = AFD7CE402715C18300BCA025 /* Main.storyboard */; };
		AFD7CE442715C18500BCA025 /* Assets.xcassets in Resources */ = {isa = PBXBuildFile; fileRef = AFD7CE432715C18500BCA025 /* Assets.xcassets */; };
		AFD7CE472715C18500BCA025 /* LaunchScreen.storyboard in Resources */ = {isa = PBXBuildFile; fileRef = AFD7CE452715C18500BCA025 /* LaunchScreen.storyboard */; };
		AFD7CE552716469100BCA025 /* MoviesViewController.swift in Sources */ = {isa = PBXBuildFile; fileRef = AFD7CE542716469100BCA025 /* MoviesViewController.swift */; };
		AFD7CE57271646A600BCA025 /* SeriesViewController.swift in Sources */ = {isa = PBXBuildFile; fileRef = AFD7CE56271646A600BCA025 /* SeriesViewController.swift */; };
/* End PBXBuildFile section */

/* Begin PBXFileReference section */
		38A4966B271C6C590005B8C1 /* TituloSelecionadoViewController.swift */ = {isa = PBXFileReference; lastKnownFileType = sourcecode.swift; path = TituloSelecionadoViewController.swift; sourceTree = "<group>"; };
		AF5FC411271B26EA00605985 /* movies.json */ = {isa = PBXFileReference; lastKnownFileType = text.json; path = movies.json; sourceTree = "<group>"; };
		AF5FC413271B27B100605985 /* Movie.swift */ = {isa = PBXFileReference; lastKnownFileType = sourcecode.swift; path = Movie.swift; sourceTree = "<group>"; };
		AFD7CE372715C18300BCA025 /* NextFlix.app */ = {isa = PBXFileReference; explicitFileType = wrapper.application; includeInIndex = 0; path = NextFlix.app; sourceTree = BUILT_PRODUCTS_DIR; };
		AFD7CE3A2715C18300BCA025 /* AppDelegate.swift */ = {isa = PBXFileReference; lastKnownFileType = sourcecode.swift; path = AppDelegate.swift; sourceTree = "<group>"; };
		AFD7CE3C2715C18300BCA025 /* SceneDelegate.swift */ = {isa = PBXFileReference; lastKnownFileType = sourcecode.swift; path = SceneDelegate.swift; sourceTree = "<group>"; };
		AFD7CE3E2715C18300BCA025 /* ViewController.swift */ = {isa = PBXFileReference; lastKnownFileType = sourcecode.swift; path = ViewController.swift; sourceTree = "<group>"; };
		AFD7CE412715C18300BCA025 /* Base */ = {isa = PBXFileReference; lastKnownFileType = file.storyboard; name = Base; path = Base.lproj/Main.storyboard; sourceTree = "<group>"; };
		AFD7CE432715C18500BCA025 /* Assets.xcassets */ = {isa = PBXFileReference; lastKnownFileType = folder.assetcatalog; path = Assets.xcassets; sourceTree = "<group>"; };
		AFD7CE462715C18500BCA025 /* Base */ = {isa = PBXFileReference; lastKnownFileType = file.storyboard; name = Base; path = Base.lproj/LaunchScreen.storyboard; sourceTree = "<group>"; };
		AFD7CE482715C18500BCA025 /* Info.plist */ = {isa = PBXFileReference; lastKnownFileType = text.plist.xml; path = Info.plist; sourceTree = "<group>"; };
		AFD7CE542716469100BCA025 /* MoviesViewController.swift */ = {isa = PBXFileReference; lastKnownFileType = sourcecode.swift; path = MoviesViewController.swift; sourceTree = "<group>"; };
		AFD7CE56271646A600BCA025 /* SeriesViewController.swift */ = {isa = PBXFileReference; lastKnownFileType = sourcecode.swift; path = SeriesViewController.swift; sourceTree = "<group>"; };
/* End PBXFileReference section */

/* Begin PBXFrameworksBuildPhase section */
		AFD7CE342715C18300BCA025 /* Frameworks */ = {
			isa = PBXFrameworksBuildPhase;
			buildActionMask = 2147483647;
			files = (
			);
			runOnlyForDeploymentPostprocessing = 0;
		};
/* End PBXFrameworksBuildPhase section */

/* Begin PBXGroup section */
		3863125B271F8CB5003D72FB /* ViewModel */ = {
			isa = PBXGroup;
			children = (
			);
			path = ViewModel;
			sourceTree = "<group>";
		};
		3863125C271F8CD2003D72FB /* Service */ = {
			isa = PBXGroup;
			children = (
			);
			path = Service;
			sourceTree = "<group>";
		};
		38A496B2271F8BC70005B8C1 /* Resource */ = {
			isa = PBXGroup;
			children = (
				AFD7CE452715C18500BCA025 /* LaunchScreen.storyboard */,
				AFD7CE402715C18300BCA025 /* Main.storyboard */,
			);
			path = Resource;
			sourceTree = "<group>";
		};
		AF5FC40D271B261C00605985 /* Model */ = {
			isa = PBXGroup;
			children = (
				AF5FC413271B27B100605985 /* Movie.swift */,
			);
			path = Model;
			sourceTree = "<group>";
		};
		AF5FC40E271B262C00605985 /* View */ = {
			isa = PBXGroup;
			children = (
				38A4966B271C6C590005B8C1 /* TituloSelecionadoViewController.swift */,
				AFD7CE542716469100BCA025 /* MoviesViewController.swift */,
				AFD7CE56271646A600BCA025 /* SeriesViewController.swift */,
				AFD7CE3E2715C18300BCA025 /* ViewController.swift */,
			);
			path = View;
			sourceTree = "<group>";
		};
		AFD7CE2E2715C18300BCA025 = {
			isa = PBXGroup;
			children = (
				AFD7CE392715C18300BCA025 /* NextFlix */,
				AFD7CE382715C18300BCA025 /* Products */,
			);
			sourceTree = "<group>";
		};
		AFD7CE382715C18300BCA025 /* Products */ = {
			isa = PBXGroup;
			children = (
				AFD7CE372715C18300BCA025 /* NextFlix.app */,
			);
			name = Products;
			sourceTree = "<group>";
		};
		AFD7CE392715C18300BCA025 /* NextFlix */ = {
			isa = PBXGroup;
			children = (
				3863125C271F8CD2003D72FB /* Service */,
				3863125B271F8CB5003D72FB /* ViewModel */,
				38A496B2271F8BC70005B8C1 /* Resource */,
				AF5FC40D271B261C00605985 /* Model */,
				AF5FC40E271B262C00605985 /* View */,
				AFD7CE3A2715C18300BCA025 /* AppDelegate.swift */,
				AFD7CE3C2715C18300BCA025 /* SceneDelegate.swift */,
				AFD7CE432715C18500BCA025 /* Assets.xcassets */,
				AFD7CE482715C18500BCA025 /* Info.plist */,
				AF5FC411271B26EA00605985 /* movies.json */,
			);
			path = NextFlix;
			sourceTree = "<group>";
		};
/* End PBXGroup section */

/* Begin PBXNativeTarget section */
		AFD7CE362715C18300BCA025 /* NextFlix */ = {
			isa = PBXNativeTarget;
			buildConfigurationList = AFD7CE4B2715C18500BCA025 /* Build configuration list for PBXNativeTarget "NextFlix" */;
			buildPhases = (
				AFD7CE332715C18300BCA025 /* Sources */,
				AFD7CE342715C18300BCA025 /* Frameworks */,
				AFD7CE352715C18300BCA025 /* Resources */,
			);
			buildRules = (
			);
			dependencies = (
			);
			name = NextFlix;
			productName = NextFlix;
			productReference = AFD7CE372715C18300BCA025 /* NextFlix.app */;
			productType = "com.apple.product-type.application";
		};
/* End PBXNativeTarget section */

/* Begin PBXProject section */
		AFD7CE2F2715C18300BCA025 /* Project object */ = {
			isa = PBXProject;
			attributes = {
				BuildIndependentTargetsInParallel = 1;
				LastSwiftUpdateCheck = 1300;
				LastUpgradeCheck = 1300;
				TargetAttributes = {
					AFD7CE362715C18300BCA025 = {
						CreatedOnToolsVersion = 13.0;
					};
				};
			};
			buildConfigurationList = AFD7CE322715C18300BCA025 /* Build configuration list for PBXProject "NextFlix" */;
			compatibilityVersion = "Xcode 12.0";
			developmentRegion = en;
			hasScannedForEncodings = 0;
			knownRegions = (
				en,
				Base,
			);
			mainGroup = AFD7CE2E2715C18300BCA025;
			productRefGroup = AFD7CE382715C18300BCA025 /* Products */;
			projectDirPath = "";
			projectRoot = "";
			targets = (
				AFD7CE362715C18300BCA025 /* NextFlix */,
			);
		};
/* End PBXProject section */

/* Begin PBXResourcesBuildPhase section */
		AFD7CE352715C18300BCA025 /* Resources */ = {
			isa = PBXResourcesBuildPhase;
			buildActionMask = 2147483647;
			files = (
				AFD7CE472715C18500BCA025 /* LaunchScreen.storyboard in Resources */,
				AFD7CE442715C18500BCA025 /* Assets.xcassets in Resources */,
				AF5FC412271B26EA00605985 /* movies.json in Resources */,
				AFD7CE422715C18300BCA025 /* Main.storyboard in Resources */,
			);
			runOnlyForDeploymentPostprocessing = 0;
		};
/* End PBXResourcesBuildPhase section */

/* Begin PBXSourcesBuildPhase section */
		AFD7CE332715C18300BCA025 /* Sources */ = {
			isa = PBXSourcesBuildPhase;
			buildActionMask = 2147483647;
			files = (
				AFD7CE3F2715C18300BCA025 /* ViewController.swift in Sources */,
				AFD7CE3B2715C18300BCA025 /* AppDelegate.swift in Sources */,
				AF5FC414271B27B100605985 /* Movie.swift in Sources */,
				AFD7CE3D2715C18300BCA025 /* SceneDelegate.swift in Sources */,
				AFD7CE57271646A600BCA025 /* SeriesViewController.swift in Sources */,
				38A4966C271C6C590005B8C1 /* TituloSelecionadoViewController.swift in Sources */,
				AFD7CE552716469100BCA025 /* MoviesViewController.swift in Sources */,
			);
			runOnlyForDeploymentPostprocessing = 0;
		};
/* End PBXSourcesBuildPhase section */

/* Begin PBXVariantGroup section */
		AFD7CE402715C18300BCA025 /* Main.storyboard */ = {
			isa = PBXVariantGroup;
			children = (
				AFD7CE412715C18300BCA025 /* Base */,
			);
			name = Main.storyboard;
			sourceTree = "<group>";
		};
		AFD7CE452715C18500BCA025 /* LaunchScreen.storyboard */ = {
			isa = PBXVariantGroup;
			children = (
				AFD7CE462715C18500BCA025 /* Base */,
			);
			name = LaunchScreen.storyboard;
			sourceTree = "<group>";
		};
/* End PBXVariantGroup section */

/* Begin XCBuildConfiguration section */
		AFD7CE492715C18500BCA025 /* Debug */ = {
			isa = XCBuildConfiguration;
			buildSettings = {
				ALWAYS_SEARCH_USER_PATHS = NO;
				CLANG_ANALYZER_NONNULL = YES;
				CLANG_ANALYZER_NUMBER_OBJECT_CONVERSION = YES_AGGRESSIVE;
				CLANG_CXX_LANGUAGE_STANDARD = "gnu++17";
				CLANG_CXX_LIBRARY = "libc++";
				CLANG_ENABLE_MODULES = YES;
				CLANG_ENABLE_OBJC_ARC = YES;
				CLANG_ENABLE_OBJC_WEAK = YES;
				CLANG_WARN_BLOCK_CAPTURE_AUTORELEASING = YES;
				CLANG_WARN_BOOL_CONVERSION = YES;
				CLANG_WARN_COMMA = YES;
				CLANG_WARN_CONSTANT_CONVERSION = YES;
				CLANG_WARN_DEPRECATED_OBJC_IMPLEMENTATIONS = YES;
				CLANG_WARN_DIRECT_OBJC_ISA_USAGE = YES_ERROR;
				CLANG_WARN_DOCUMENTATION_COMMENTS = YES;
				CLANG_WARN_EMPTY_BODY = YES;
				CLANG_WARN_ENUM_CONVERSION = YES;
				CLANG_WARN_INFINITE_RECURSION = YES;
				CLANG_WARN_INT_CONVERSION = YES;
				CLANG_WARN_NON_LITERAL_NULL_CONVERSION = YES;
				CLANG_WARN_OBJC_IMPLICIT_RETAIN_SELF = YES;
				CLANG_WARN_OBJC_LITERAL_CONVERSION = YES;
				CLANG_WARN_OBJC_ROOT_CLASS = YES_ERROR;
				CLANG_WARN_QUOTED_INCLUDE_IN_FRAMEWORK_HEADER = YES;
				CLANG_WARN_RANGE_LOOP_ANALYSIS = YES;
				CLANG_WARN_STRICT_PROTOTYPES = YES;
				CLANG_WARN_SUSPICIOUS_MOVE = YES;
				CLANG_WARN_UNGUARDED_AVAILABILITY = YES_AGGRESSIVE;
				CLANG_WARN_UNREACHABLE_CODE = YES;
				CLANG_WARN__DUPLICATE_METHOD_MATCH = YES;
				COPY_PHASE_STRIP = NO;
				DEBUG_INFORMATION_FORMAT = dwarf;
				ENABLE_STRICT_OBJC_MSGSEND = YES;
				ENABLE_TESTABILITY = YES;
				GCC_C_LANGUAGE_STANDARD = gnu11;
				GCC_DYNAMIC_NO_PIC = NO;
				GCC_NO_COMMON_BLOCKS = YES;
				GCC_OPTIMIZATION_LEVEL = 0;
				GCC_PREPROCESSOR_DEFINITIONS = (
					"DEBUG=1",
					"$(inherited)",
				);
				GCC_WARN_64_TO_32_BIT_CONVERSION = YES;
				GCC_WARN_ABOUT_RETURN_TYPE = YES_ERROR;
				GCC_WARN_UNDECLARED_SELECTOR = YES;
				GCC_WARN_UNINITIALIZED_AUTOS = YES_AGGRESSIVE;
				GCC_WARN_UNUSED_FUNCTION = YES;
				GCC_WARN_UNUSED_VARIABLE = YES;
				IPHONEOS_DEPLOYMENT_TARGET = 15.0;
				MTL_ENABLE_DEBUG_INFO = INCLUDE_SOURCE;
				MTL_FAST_MATH = YES;
				ONLY_ACTIVE_ARCH = YES;
				SDKROOT = iphoneos;
				SWIFT_ACTIVE_COMPILATION_CONDITIONS = DEBUG;
				SWIFT_OPTIMIZATION_LEVEL = "-Onone";
			};
			name = Debug;
		};
		AFD7CE4A2715C18500BCA025 /* Release */ = {
			isa = XCBuildConfiguration;
			buildSettings = {
				ALWAYS_SEARCH_USER_PATHS = NO;
				CLANG_ANALYZER_NONNULL = YES;
				CLANG_ANALYZER_NUMBER_OBJECT_CONVERSION = YES_AGGRESSIVE;
				CLANG_CXX_LANGUAGE_STANDARD = "gnu++17";
				CLANG_CXX_LIBRARY = "libc++";
				CLANG_ENABLE_MODULES = YES;
				CLANG_ENABLE_OBJC_ARC = YES;
				CLANG_ENABLE_OBJC_WEAK = YES;
				CLANG_WARN_BLOCK_CAPTURE_AUTORELEASING = YES;
				CLANG_WARN_BOOL_CONVERSION = YES;
				CLANG_WARN_COMMA = YES;
				CLANG_WARN_CONSTANT_CONVERSION = YES;
				CLANG_WARN_DEPRECATED_OBJC_IMPLEMENTATIONS = YES;
				CLANG_WARN_DIRECT_OBJC_ISA_USAGE = YES_ERROR;
				CLANG_WARN_DOCUMENTATION_COMMENTS = YES;
				CLANG_WARN_EMPTY_BODY = YES;
				CLANG_WARN_ENUM_CONVERSION = YES;
				CLANG_WARN_INFINITE_RECURSION = YES;
				CLANG_WARN_INT_CONVERSION = YES;
				CLANG_WARN_NON_LITERAL_NULL_CONVERSION = YES;
				CLANG_WARN_OBJC_IMPLICIT_RETAIN_SELF = YES;
				CLANG_WARN_OBJC_LITERAL_CONVERSION = YES;
				CLANG_WARN_OBJC_ROOT_CLASS = YES_ERROR;
				CLANG_WARN_QUOTED_INCLUDE_IN_FRAMEWORK_HEADER = YES;
				CLANG_WARN_RANGE_LOOP_ANALYSIS = YES;
				CLANG_WARN_STRICT_PROTOTYPES = YES;
				CLANG_WARN_SUSPICIOUS_MOVE = YES;
				CLANG_WARN_UNGUARDED_AVAILABILITY = YES_AGGRESSIVE;
				CLANG_WARN_UNREACHABLE_CODE = YES;
				CLANG_WARN__DUPLICATE_METHOD_MATCH = YES;
				COPY_PHASE_STRIP = NO;
				DEBUG_INFORMATION_FORMAT = "dwarf-with-dsym";
				ENABLE_NS_ASSERTIONS = NO;
				ENABLE_STRICT_OBJC_MSGSEND = YES;
				GCC_C_LANGUAGE_STANDARD = gnu11;
				GCC_NO_COMMON_BLOCKS = YES;
				GCC_WARN_64_TO_32_BIT_CONVERSION = YES;
				GCC_WARN_ABOUT_RETURN_TYPE = YES_ERROR;
				GCC_WARN_UNDECLARED_SELECTOR = YES;
				GCC_WARN_UNINITIALIZED_AUTOS = YES_AGGRESSIVE;
				GCC_WARN_UNUSED_FUNCTION = YES;
				GCC_WARN_UNUSED_VARIABLE = YES;
				IPHONEOS_DEPLOYMENT_TARGET = 15.0;
				MTL_ENABLE_DEBUG_INFO = NO;
				MTL_FAST_MATH = YES;
				SDKROOT = iphoneos;
				SWIFT_COMPILATION_MODE = wholemodule;
				SWIFT_OPTIMIZATION_LEVEL = "-O";
				VALIDATE_PRODUCT = YES;
			};
			name = Release;
		};
		AFD7CE4C2715C18500BCA025 /* Debug */ = {
			isa = XCBuildConfiguration;
			buildSettings = {
				ASSETCATALOG_COMPILER_APPICON_NAME = AppIcon;
				ASSETCATALOG_COMPILER_GLOBAL_ACCENT_COLOR_NAME = AccentColor;
				CODE_SIGN_STYLE = Automatic;
				CURRENT_PROJECT_VERSION = 1;
				DEVELOPMENT_TEAM = NW3H7K8PN7;
				GENERATE_INFOPLIST_FILE = YES;
				INFOPLIST_FILE = NextFlix/Info.plist;
				INFOPLIST_KEY_UIApplicationSupportsIndirectInputEvents = YES;
				INFOPLIST_KEY_UILaunchStoryboardName = LaunchScreen;
				INFOPLIST_KEY_UIMainStoryboardFile = Main;
				INFOPLIST_KEY_UISupportedInterfaceOrientations_iPad = "UIInterfaceOrientationPortrait UIInterfaceOrientationPortraitUpsideDown UIInterfaceOrientationLandscapeLeft UIInterfaceOrientationLandscapeRight";
				INFOPLIST_KEY_UISupportedInterfaceOrientations_iPhone = "UIInterfaceOrientationPortrait UIInterfaceOrientationLandscapeLeft UIInterfaceOrientationLandscapeRight";
				IPHONEOS_DEPLOYMENT_TARGET = 14.4;
				LD_RUNPATH_SEARCH_PATHS = (
					"$(inherited)",
					"@executable_path/Frameworks",
				);
				MARKETING_VERSION = 1.0;
				PRODUCT_BUNDLE_IDENTIFIER = "com.thiago-leite.NextFlix";
				PRODUCT_NAME = "$(TARGET_NAME)";
				SWIFT_EMIT_LOC_STRINGS = YES;
				SWIFT_VERSION = 5.0;
				TARGETED_DEVICE_FAMILY = "1,2";
			};
			name = Debug;
		};
		AFD7CE4D2715C18500BCA025 /* Release */ = {
			isa = XCBuildConfiguration;
			buildSettings = {
				ASSETCATALOG_COMPILER_APPICON_NAME = AppIcon;
				ASSETCATALOG_COMPILER_GLOBAL_ACCENT_COLOR_NAME = AccentColor;
				CODE_SIGN_STYLE = Automatic;
				CURRENT_PROJECT_VERSION = 1;
				DEVELOPMENT_TEAM = NW3H7K8PN7;
				GENERATE_INFOPLIST_FILE = YES;
				INFOPLIST_FILE = NextFlix/Info.plist;
				INFOPLIST_KEY_UIApplicationSupportsIndirectInputEvents = YES;
				INFOPLIST_KEY_UILaunchStoryboardName = LaunchScreen;
				INFOPLIST_KEY_UIMainStoryboardFile = Main;
				INFOPLIST_KEY_UISupportedInterfaceOrientations_iPad = "UIInterfaceOrientationPortrait UIInterfaceOrientationPortraitUpsideDown UIInterfaceOrientationLandscapeLeft UIInterfaceOrientationLandscapeRight";
				INFOPLIST_KEY_UISupportedInterfaceOrientations_iPhone = "UIInterfaceOrientationPortrait UIInterfaceOrientationLandscapeLeft UIInterfaceOrientationLandscapeRight";
				IPHONEOS_DEPLOYMENT_TARGET = 14.4;
				LD_RUNPATH_SEARCH_PATHS = (
					"$(inherited)",
					"@executable_path/Frameworks",
				);
				MARKETING_VERSION = 1.0;
				PRODUCT_BUNDLE_IDENTIFIER = "com.thiago-leite.NextFlix";
				PRODUCT_NAME = "$(TARGET_NAME)";
				SWIFT_EMIT_LOC_STRINGS = YES;
				SWIFT_VERSION = 5.0;
				TARGETED_DEVICE_FAMILY = "1,2";
			};
			name = Release;
		};
/* End XCBuildConfiguration section */

/* Begin XCConfigurationList section */
		AFD7CE322715C18300BCA025 /* Build configuration list for PBXProject "NextFlix" */ = {
			isa = XCConfigurationList;
			buildConfigurations = (
				AFD7CE492715C18500BCA025 /* Debug */,
				AFD7CE4A2715C18500BCA025 /* Release */,
			);
			defaultConfigurationIsVisible = 0;
			defaultConfigurationName = Release;
		};
		AFD7CE4B2715C18500BCA025 /* Build configuration list for PBXNativeTarget "NextFlix" */ = {
			isa = XCConfigurationList;
			buildConfigurations = (
				AFD7CE4C2715C18500BCA025 /* Debug */,
				AFD7CE4D2715C18500BCA025 /* Release */,
			);
			defaultConfigurationIsVisible = 0;
			defaultConfigurationName = Release;
		};
/* End XCConfigurationList section */
	};
	rootObject = AFD7CE2F2715C18300BCA025 /* Project object */;
}
